
Microsoft Visual Studio Solution File, Format Version 12.00
Project("{FAE04EC0-301F-11D3-BF4B-00C04F79EFBC}") = "RoseX.Instagram.Domain", "RoseX.Instagram.Domain\RoseX.Instagram.Domain.csproj", "{2AADBC3D-2CFD-446D-887C-D0274B6EDE25}"
EndProject
Project("{2150E333-8FDC-42A3-9474-1A3956D46DE8}") = "Application", "Application", "{5C574D45-143E-480B-ACC4-305587D2EABB}"
EndProject
Project("{FAE04EC0-301F-11D3-BF4B-00C04F79EFBC}") = "RoseX.Instagram.Infrastructure", "RoseX.Instagram.Infrastructure\RoseX.Instagram.Infrastructure.csproj", "{E1B4CD26-AA14-472E-8B18-119F4C9EBBB3}"
EndProject
Project("{2150E333-8FDC-42A3-9474-1A3956D46DE8}") = "Tests", "Tests", "{4EC54F72-467E-4AC9-AF02-01B9A6FD16B2}"
EndProject
Project("{FAE04EC0-301F-11D3-BF4B-00C04F79EFBC}") = "RoseX.Instagram.DataAccess", "RoseX.Instagram.DataAccess\RoseX.Instagram.DataAccess.csproj", "{2A2ACE48-7D79-4570-A039-3F34E92936F5}"
EndProject
Global
	GlobalSection(SolutionConfigurationPlatforms) = preSolution
		Debug|Any CPU = Debug|Any CPU
		Release|Any CPU = Release|Any CPU
	EndGlobalSection
	GlobalSection(ProjectConfigurationPlatforms) = postSolution
		{2AADBC3D-2CFD-446D-887C-D0274B6EDE25}.Debug|Any CPU.ActiveCfg = Debug|Any CPU
		{2AADBC3D-2CFD-446D-887C-D0274B6EDE25}.Debug|Any CPU.Build.0 = Debug|Any CPU
		{2AADBC3D-2CFD-446D-887C-D0274B6EDE25}.Release|Any CPU.ActiveCfg = Release|Any CPU
		{2AADBC3D-2CFD-446D-887C-D0274B6EDE25}.Release|Any CPU.Build.0 = Release|Any CPU
		{E1B4CD26-AA14-472E-8B18-119F4C9EBBB3}.Debug|Any CPU.ActiveCfg = Debug|Any CPU
		{E1B4CD26-AA14-472E-8B18-119F4C9EBBB3}.Debug|Any CPU.Build.0 = Debug|Any CPU
		{E1B4CD26-AA14-472E-8B18-119F4C9EBBB3}.Release|Any CPU.ActiveCfg = Release|Any CPU
		{E1B4CD26-AA14-472E-8B18-119F4C9EBBB3}.Release|Any CPU.Build.0 = Release|Any CPU
		{2A2ACE48-7D79-4570-A039-3F34E92936F5}.Debug|Any CPU.ActiveCfg = Debug|Any CPU
		{2A2ACE48-7D79-4570-A039-3F34E92936F5}.Debug|Any CPU.Build.0 = Debug|Any CPU
		{2A2ACE48-7D79-4570-A039-3F34E92936F5}.Release|Any CPU.ActiveCfg = Release|Any CPU
		{2A2ACE48-7D79-4570-A039-3F34E92936F5}.Release|Any CPU.Build.0 = Release|Any CPU
	EndGlobalSection
	GlobalSection(NestedProjects) = preSolution
		{2AADBC3D-2CFD-446D-887C-D0274B6EDE25} = {5C574D45-143E-480B-ACC4-305587D2EABB}
	EndGlobalSection
EndGlobal
